// !$*UTF8*$!
{
	archiveVersion = 1;
	classes = {
	};
	objectVersion = 56;
	objects = {

/* Begin PBXBuildFile section */
		60611C7429E6BE63005CF452 /* IconNames.swift in Sources */ = {isa = PBXBuildFile; fileRef = 60611C7329E6BE63005CF452 /* IconNames.swift */; };
		60611C7929E6C258005CF452 /* AppIcon-3.jpg in Resources */ = {isa = PBXBuildFile; fileRef = 60611C7629E6C258005CF452 /* AppIcon-3.jpg */; };
		60611C7A29E6C258005CF452 /* AppIcon-2.jpg in Resources */ = {isa = PBXBuildFile; fileRef = 60611C7729E6C258005CF452 /* AppIcon-2.jpg */; };
		60611C7B29E6C258005CF452 /* AppIcon-1.jpg in Resources */ = {isa = PBXBuildFile; fileRef = 60611C7829E6C258005CF452 /* AppIcon-1.jpg */; };
		60611C7D29EA5237005CF452 /* NotificationView.swift in Sources */ = {isa = PBXBuildFile; fileRef = 60611C7C29EA5237005CF452 /* NotificationView.swift */; };
		60611C7F29EA6367005CF452 /* AppleWatchView.swift in Sources */ = {isa = PBXBuildFile; fileRef = 60611C7E29EA6367005CF452 /* AppleWatchView.swift */; };
		60611C8129EA6379005CF452 /* QuotesView.swift in Sources */ = {isa = PBXBuildFile; fileRef = 60611C8029EA6379005CF452 /* QuotesView.swift */; };
		60611C8429EA657D005CF452 /* infinity.storekit in Resources */ = {isa = PBXBuildFile; fileRef = 60611C8329EA657D005CF452 /* infinity.storekit */; };
		60611C8629EA66EE005CF452 /* StoreViewModel.swift in Sources */ = {isa = PBXBuildFile; fileRef = 60611C8529EA66EE005CF452 /* StoreViewModel.swift */; };
		60611C8829EBA265005CF452 /* ChangeAppIconViewModel.swift in Sources */ = {isa = PBXBuildFile; fileRef = 60611C8729EBA265005CF452 /* ChangeAppIconViewModel.swift */; };
		60611C8A29EBCE21005CF452 /* AppIcon-4.jpg in Resources */ = {isa = PBXBuildFile; fileRef = 60611C8929EBCE21005CF452 /* AppIcon-4.jpg */; };
		60C8D9C229D7EE11007DD2DE /* ColorPickerView.swift in Sources */ = {isa = PBXBuildFile; fileRef = 60C8D9C129D7EE11007DD2DE /* ColorPickerView.swift */; };
		60DB3E5C29D061080031E383 /* InfinityApp.swift in Sources */ = {isa = PBXBuildFile; fileRef = 60DB3E5B29D061080031E383 /* InfinityApp.swift */; };
		60DB3E6029D061090031E383 /* Assets.xcassets in Resources */ = {isa = PBXBuildFile; fileRef = 60DB3E5F29D061090031E383 /* Assets.xcassets */; };
		60DB3E6429D061090031E383 /* Preview Assets.xcassets in Resources */ = {isa = PBXBuildFile; fileRef = 60DB3E6329D061090031E383 /* Preview Assets.xcassets */; };
		60DB3E6E29D061090031E383 /* InfinityTests.swift in Sources */ = {isa = PBXBuildFile; fileRef = 60DB3E6D29D061090031E383 /* InfinityTests.swift */; };
		60DB3E7829D061090031E383 /* InfinityUITests.swift in Sources */ = {isa = PBXBuildFile; fileRef = 60DB3E7729D061090031E383 /* InfinityUITests.swift */; };
		60DB3E7A29D061090031E383 /* InfinityUITestsLaunchTests.swift in Sources */ = {isa = PBXBuildFile; fileRef = 60DB3E7929D061090031E383 /* InfinityUITestsLaunchTests.swift */; };
		60DB3E8A29D061FC0031E383 /* ItemModel.swift in Sources */ = {isa = PBXBuildFile; fileRef = 60DB3E8929D061FC0031E383 /* ItemModel.swift */; };
		60DB3E8C29D062330031E383 /* ListViewModel.swift in Sources */ = {isa = PBXBuildFile; fileRef = 60DB3E8B29D062330031E383 /* ListViewModel.swift */; };
		60DB3E8F29D062510031E383 /* AboutView.swift in Sources */ = {isa = PBXBuildFile; fileRef = 60DB3E8E29D062510031E383 /* AboutView.swift */; };
		60DB3E9129D062590031E383 /* ChangeAppIconView.swift in Sources */ = {isa = PBXBuildFile; fileRef = 60DB3E9029D062590031E383 /* ChangeAppIconView.swift */; };
		60DB3E9329D0625F0031E383 /* GuideView.swift in Sources */ = {isa = PBXBuildFile; fileRef = 60DB3E9229D0625F0031E383 /* GuideView.swift */; };
		60DB3E9529D0626E0031E383 /* ProView.swift in Sources */ = {isa = PBXBuildFile; fileRef = 60DB3E9429D0626E0031E383 /* ProView.swift */; };
		60DB3E9729D0628E0031E383 /* AddView.swift in Sources */ = {isa = PBXBuildFile; fileRef = 60DB3E9629D0628E0031E383 /* AddView.swift */; };
		60DB3E9929D0629C0031E383 /* HomeView.swift in Sources */ = {isa = PBXBuildFile; fileRef = 60DB3E9829D0629C0031E383 /* HomeView.swift */; };
		60DB3E9B29D062AF0031E383 /* ListRowView.swift in Sources */ = {isa = PBXBuildFile; fileRef = 60DB3E9A29D062AF0031E383 /* ListRowView.swift */; };
		60DB3E9D29D062BA0031E383 /* ListView.swift in Sources */ = {isa = PBXBuildFile; fileRef = 60DB3E9C29D062BA0031E383 /* ListView.swift */; };
		60DB3E9F29D062CA0031E383 /* NoItemsView.swift in Sources */ = {isa = PBXBuildFile; fileRef = 60DB3E9E29D062CA0031E383 /* NoItemsView.swift */; };
		60DB3EA129D062D70031E383 /* PlaceholderView.swift in Sources */ = {isa = PBXBuildFile; fileRef = 60DB3EA029D062D70031E383 /* PlaceholderView.swift */; };
		60DB3EA329D062E40031E383 /* SettingsView.swift in Sources */ = {isa = PBXBuildFile; fileRef = 60DB3EA229D062E40031E383 /* SettingsView.swift */; };
		60DB3EA529D062FC0031E383 /* SplashScreenView.swift in Sources */ = {isa = PBXBuildFile; fileRef = 60DB3EA429D062FC0031E383 /* SplashScreenView.swift */; };
/* End PBXBuildFile section */

/* Begin PBXContainerItemProxy section */
		60DB3E6A29D061090031E383 /* PBXContainerItemProxy */ = {
			isa = PBXContainerItemProxy;
			containerPortal = 60DB3E5029D061080031E383 /* Project object */;
			proxyType = 1;
			remoteGlobalIDString = 60DB3E5729D061080031E383;
			remoteInfo = Infinity;
		};
		60DB3E7429D061090031E383 /* PBXContainerItemProxy */ = {
			isa = PBXContainerItemProxy;
			containerPortal = 60DB3E5029D061080031E383 /* Project object */;
			proxyType = 1;
			remoteGlobalIDString = 60DB3E5729D061080031E383;
			remoteInfo = Infinity;
		};
/* End PBXContainerItemProxy section */

/* Begin PBXFileReference section */
		60611C7329E6BE63005CF452 /* IconNames.swift */ = {isa = PBXFileReference; lastKnownFileType = sourcecode.swift; path = IconNames.swift; sourceTree = "<group>"; };
		60611C7629E6C258005CF452 /* AppIcon-3.jpg */ = {isa = PBXFileReference; lastKnownFileType = image.jpeg; path = "AppIcon-3.jpg"; sourceTree = "<group>"; };
		60611C7729E6C258005CF452 /* AppIcon-2.jpg */ = {isa = PBXFileReference; lastKnownFileType = image.jpeg; path = "AppIcon-2.jpg"; sourceTree = "<group>"; };
		60611C7829E6C258005CF452 /* AppIcon-1.jpg */ = {isa = PBXFileReference; lastKnownFileType = image.jpeg; path = "AppIcon-1.jpg"; sourceTree = "<group>"; };
		60611C7C29EA5237005CF452 /* NotificationView.swift */ = {isa = PBXFileReference; lastKnownFileType = sourcecode.swift; path = NotificationView.swift; sourceTree = "<group>"; };
		60611C7E29EA6367005CF452 /* AppleWatchView.swift */ = {isa = PBXFileReference; lastKnownFileType = sourcecode.swift; path = AppleWatchView.swift; sourceTree = "<group>"; };
		60611C8029EA6379005CF452 /* QuotesView.swift */ = {isa = PBXFileReference; lastKnownFileType = sourcecode.swift; path = QuotesView.swift; sourceTree = "<group>"; };
		60611C8329EA657D005CF452 /* infinity.storekit */ = {isa = PBXFileReference; lastKnownFileType = text; path = infinity.storekit; sourceTree = "<group>"; };
		60611C8529EA66EE005CF452 /* StoreViewModel.swift */ = {isa = PBXFileReference; lastKnownFileType = sourcecode.swift; path = StoreViewModel.swift; sourceTree = "<group>"; };
		60611C8729EBA265005CF452 /* ChangeAppIconViewModel.swift */ = {isa = PBXFileReference; lastKnownFileType = sourcecode.swift; path = ChangeAppIconViewModel.swift; sourceTree = "<group>"; };
		60611C8929EBCE21005CF452 /* AppIcon-4.jpg */ = {isa = PBXFileReference; lastKnownFileType = image.jpeg; name = "AppIcon-4.jpg"; path = "../../../../../../Pictures/Icons/Infinity/AppIcon-4.jpg"; sourceTree = "<group>"; };
		60C8D9C129D7EE11007DD2DE /* ColorPickerView.swift */ = {isa = PBXFileReference; lastKnownFileType = sourcecode.swift; path = ColorPickerView.swift; sourceTree = "<group>"; };
		60DB3E5829D061080031E383 /* Infinity.app */ = {isa = PBXFileReference; explicitFileType = wrapper.application; includeInIndex = 0; path = Infinity.app; sourceTree = BUILT_PRODUCTS_DIR; };
		60DB3E5B29D061080031E383 /* InfinityApp.swift */ = {isa = PBXFileReference; lastKnownFileType = sourcecode.swift; path = InfinityApp.swift; sourceTree = "<group>"; };
		60DB3E5F29D061090031E383 /* Assets.xcassets */ = {isa = PBXFileReference; lastKnownFileType = folder.assetcatalog; path = Assets.xcassets; sourceTree = "<group>"; };
		60DB3E6129D061090031E383 /* Infinity.entitlements */ = {isa = PBXFileReference; lastKnownFileType = text.plist.entitlements; path = Infinity.entitlements; sourceTree = "<group>"; };
		60DB3E6329D061090031E383 /* Preview Assets.xcassets */ = {isa = PBXFileReference; lastKnownFileType = folder.assetcatalog; path = "Preview Assets.xcassets"; sourceTree = "<group>"; };
		60DB3E6929D061090031E383 /* InfinityTests.xctest */ = {isa = PBXFileReference; explicitFileType = wrapper.cfbundle; includeInIndex = 0; path = InfinityTests.xctest; sourceTree = BUILT_PRODUCTS_DIR; };
		60DB3E6D29D061090031E383 /* InfinityTests.swift */ = {isa = PBXFileReference; lastKnownFileType = sourcecode.swift; path = InfinityTests.swift; sourceTree = "<group>"; };
		60DB3E7329D061090031E383 /* InfinityUITests.xctest */ = {isa = PBXFileReference; explicitFileType = wrapper.cfbundle; includeInIndex = 0; path = InfinityUITests.xctest; sourceTree = BUILT_PRODUCTS_DIR; };
		60DB3E7729D061090031E383 /* InfinityUITests.swift */ = {isa = PBXFileReference; lastKnownFileType = sourcecode.swift; path = InfinityUITests.swift; sourceTree = "<group>"; };
		60DB3E7929D061090031E383 /* InfinityUITestsLaunchTests.swift */ = {isa = PBXFileReference; lastKnownFileType = sourcecode.swift; path = InfinityUITestsLaunchTests.swift; sourceTree = "<group>"; };
		60DB3E8929D061FC0031E383 /* ItemModel.swift */ = {isa = PBXFileReference; lastKnownFileType = sourcecode.swift; path = ItemModel.swift; sourceTree = "<group>"; };
		60DB3E8B29D062330031E383 /* ListViewModel.swift */ = {isa = PBXFileReference; lastKnownFileType = sourcecode.swift; path = ListViewModel.swift; sourceTree = "<group>"; };
		60DB3E8E29D062510031E383 /* AboutView.swift */ = {isa = PBXFileReference; lastKnownFileType = sourcecode.swift; path = AboutView.swift; sourceTree = "<group>"; };
		60DB3E9029D062590031E383 /* ChangeAppIconView.swift */ = {isa = PBXFileReference; lastKnownFileType = sourcecode.swift; path = ChangeAppIconView.swift; sourceTree = "<group>"; };
		60DB3E9229D0625F0031E383 /* GuideView.swift */ = {isa = PBXFileReference; lastKnownFileType = sourcecode.swift; path = GuideView.swift; sourceTree = "<group>"; };
		60DB3E9429D0626E0031E383 /* ProView.swift */ = {isa = PBXFileReference; lastKnownFileType = sourcecode.swift; path = ProView.swift; sourceTree = "<group>"; };
		60DB3E9629D0628E0031E383 /* AddView.swift */ = {isa = PBXFileReference; lastKnownFileType = sourcecode.swift; path = AddView.swift; sourceTree = "<group>"; };
		60DB3E9829D0629C0031E383 /* HomeView.swift */ = {isa = PBXFileReference; lastKnownFileType = sourcecode.swift; path = HomeView.swift; sourceTree = "<group>"; };
		60DB3E9A29D062AF0031E383 /* ListRowView.swift */ = {isa = PBXFileReference; lastKnownFileType = sourcecode.swift; path = ListRowView.swift; sourceTree = "<group>"; };
		60DB3E9C29D062BA0031E383 /* ListView.swift */ = {isa = PBXFileReference; lastKnownFileType = sourcecode.swift; path = ListView.swift; sourceTree = "<group>"; };
		60DB3E9E29D062CA0031E383 /* NoItemsView.swift */ = {isa = PBXFileReference; lastKnownFileType = sourcecode.swift; path = NoItemsView.swift; sourceTree = "<group>"; };
		60DB3EA029D062D70031E383 /* PlaceholderView.swift */ = {isa = PBXFileReference; lastKnownFileType = sourcecode.swift; path = PlaceholderView.swift; sourceTree = "<group>"; };
		60DB3EA229D062E40031E383 /* SettingsView.swift */ = {isa = PBXFileReference; lastKnownFileType = sourcecode.swift; path = SettingsView.swift; sourceTree = "<group>"; };
		60DB3EA429D062FC0031E383 /* SplashScreenView.swift */ = {isa = PBXFileReference; lastKnownFileType = sourcecode.swift; path = SplashScreenView.swift; sourceTree = "<group>"; };
/* End PBXFileReference section */

/* Begin PBXFrameworksBuildPhase section */
		60DB3E5529D061080031E383 /* Frameworks */ = {
			isa = PBXFrameworksBuildPhase;
			buildActionMask = 2147483647;
			files = (
			);
			runOnlyForDeploymentPostprocessing = 0;
		};
		60DB3E6629D061090031E383 /* Frameworks */ = {
			isa = PBXFrameworksBuildPhase;
			buildActionMask = 2147483647;
			files = (
			);
			runOnlyForDeploymentPostprocessing = 0;
		};
		60DB3E7029D061090031E383 /* Frameworks */ = {
			isa = PBXFrameworksBuildPhase;
			buildActionMask = 2147483647;
			files = (
			);
			runOnlyForDeploymentPostprocessing = 0;
		};
/* End PBXFrameworksBuildPhase section */

/* Begin PBXGroup section */
		60611C7529E6BED5005CF452 /* Icons */ = {
			isa = PBXGroup;
			children = (
				60611C7829E6C258005CF452 /* AppIcon-1.jpg */,
				60611C7729E6C258005CF452 /* AppIcon-2.jpg */,
				60611C7629E6C258005CF452 /* AppIcon-3.jpg */,
				60611C8929EBCE21005CF452 /* AppIcon-4.jpg */,
			);
			path = Icons;
			sourceTree = "<group>";
		};
		60611C8229EA6540005CF452 /* StoreKit */ = {
			isa = PBXGroup;
			children = (
				60611C8329EA657D005CF452 /* infinity.storekit */,
			);
			path = StoreKit;
			sourceTree = "<group>";
		};
		60DB3E4F29D061080031E383 = {
			isa = PBXGroup;
			children = (
				60DB3E5A29D061080031E383 /* Infinity */,
				60DB3E6C29D061090031E383 /* InfinityTests */,
				60DB3E7629D061090031E383 /* InfinityUITests */,
				60DB3E5929D061080031E383 /* Products */,
			);
			sourceTree = "<group>";
		};
		60DB3E5929D061080031E383 /* Products */ = {
			isa = PBXGroup;
			children = (
				60DB3E5829D061080031E383 /* Infinity.app */,
				60DB3E6929D061090031E383 /* InfinityTests.xctest */,
				60DB3E7329D061090031E383 /* InfinityUITests.xctest */,
			);
			name = Products;
			sourceTree = "<group>";
		};
		60DB3E5A29D061080031E383 /* Infinity */ = {
			isa = PBXGroup;
			children = (
				60611C8229EA6540005CF452 /* StoreKit */,
				60611C7529E6BED5005CF452 /* Icons */,
				60DB3E8829D061EE0031E383 /* Models */,
				60DB3E8729D061D10031E383 /* ViewModels */,
				60DB3E8629D061CB0031E383 /* Views */,
				60DB3E5B29D061080031E383 /* InfinityApp.swift */,
				60611C7329E6BE63005CF452 /* IconNames.swift */,
				60DB3E5F29D061090031E383 /* Assets.xcassets */,
				60DB3E6129D061090031E383 /* Infinity.entitlements */,
				60DB3E6229D061090031E383 /* Preview Content */,
			);
			path = Infinity;
			sourceTree = "<group>";
		};
		60DB3E6229D061090031E383 /* Preview Content */ = {
			isa = PBXGroup;
			children = (
				60DB3E6329D061090031E383 /* Preview Assets.xcassets */,
			);
			path = "Preview Content";
			sourceTree = "<group>";
		};
		60DB3E6C29D061090031E383 /* InfinityTests */ = {
			isa = PBXGroup;
			children = (
				60DB3E6D29D061090031E383 /* InfinityTests.swift */,
			);
			path = InfinityTests;
			sourceTree = "<group>";
		};
		60DB3E7629D061090031E383 /* InfinityUITests */ = {
			isa = PBXGroup;
			children = (
				60DB3E7729D061090031E383 /* InfinityUITests.swift */,
				60DB3E7929D061090031E383 /* InfinityUITestsLaunchTests.swift */,
			);
			path = InfinityUITests;
			sourceTree = "<group>";
		};
		60DB3E8629D061CB0031E383 /* Views */ = {
			isa = PBXGroup;
			children = (
				60DB3E8D29D062400031E383 /* SettingsViews */,
				60DB3E9629D0628E0031E383 /* AddView.swift */,
				60DB3E9829D0629C0031E383 /* HomeView.swift */,
				60DB3E9A29D062AF0031E383 /* ListRowView.swift */,
				60DB3E9C29D062BA0031E383 /* ListView.swift */,
				60DB3E9E29D062CA0031E383 /* NoItemsView.swift */,
				60DB3EA029D062D70031E383 /* PlaceholderView.swift */,
				60DB3EA229D062E40031E383 /* SettingsView.swift */,
				60DB3EA429D062FC0031E383 /* SplashScreenView.swift */,
				60C8D9C129D7EE11007DD2DE /* ColorPickerView.swift */,
			);
			path = Views;
			sourceTree = "<group>";
		};
		60DB3E8729D061D10031E383 /* ViewModels */ = {
			isa = PBXGroup;
			children = (
				60DB3E8B29D062330031E383 /* ListViewModel.swift */,
				60611C8529EA66EE005CF452 /* StoreViewModel.swift */,
				60611C8729EBA265005CF452 /* ChangeAppIconViewModel.swift */,
			);
			path = ViewModels;
			sourceTree = "<group>";
		};
		60DB3E8829D061EE0031E383 /* Models */ = {
			isa = PBXGroup;
			children = (
				60DB3E8929D061FC0031E383 /* ItemModel.swift */,
			);
			path = Models;
			sourceTree = "<group>";
		};
		60DB3E8D29D062400031E383 /* SettingsViews */ = {
			isa = PBXGroup;
			children = (
				60DB3E8E29D062510031E383 /* AboutView.swift */,
				60DB3E9029D062590031E383 /* ChangeAppIconView.swift */,
				60DB3E9229D0625F0031E383 /* GuideView.swift */,
				60DB3E9429D0626E0031E383 /* ProView.swift */,
				60611C7C29EA5237005CF452 /* NotificationView.swift */,
				60611C7E29EA6367005CF452 /* AppleWatchView.swift */,
				60611C8029EA6379005CF452 /* QuotesView.swift */,
			);
			path = SettingsViews;
			sourceTree = "<group>";
		};
/* End PBXGroup section */

/* Begin PBXNativeTarget section */
		60DB3E5729D061080031E383 /* Infinity */ = {
			isa = PBXNativeTarget;
			buildConfigurationList = 60DB3E7D29D061090031E383 /* Build configuration list for PBXNativeTarget "Infinity" */;
			buildPhases = (
				60DB3E5429D061080031E383 /* Sources */,
				60DB3E5529D061080031E383 /* Frameworks */,
				60DB3E5629D061080031E383 /* Resources */,
			);
			buildRules = (
			);
			dependencies = (
			);
			name = Infinity;
			productName = Infinity;
			productReference = 60DB3E5829D061080031E383 /* Infinity.app */;
			productType = "com.apple.product-type.application";
		};
		60DB3E6829D061090031E383 /* InfinityTests */ = {
			isa = PBXNativeTarget;
			buildConfigurationList = 60DB3E8029D061090031E383 /* Build configuration list for PBXNativeTarget "InfinityTests" */;
			buildPhases = (
				60DB3E6529D061090031E383 /* Sources */,
				60DB3E6629D061090031E383 /* Frameworks */,
				60DB3E6729D061090031E383 /* Resources */,
			);
			buildRules = (
			);
			dependencies = (
				60DB3E6B29D061090031E383 /* PBXTargetDependency */,
			);
			name = InfinityTests;
			productName = InfinityTests;
			productReference = 60DB3E6929D061090031E383 /* InfinityTests.xctest */;
			productType = "com.apple.product-type.bundle.unit-test";
		};
		60DB3E7229D061090031E383 /* InfinityUITests */ = {
			isa = PBXNativeTarget;
			buildConfigurationList = 60DB3E8329D061090031E383 /* Build configuration list for PBXNativeTarget "InfinityUITests" */;
			buildPhases = (
				60DB3E6F29D061090031E383 /* Sources */,
				60DB3E7029D061090031E383 /* Frameworks */,
				60DB3E7129D061090031E383 /* Resources */,
			);
			buildRules = (
			);
			dependencies = (
				60DB3E7529D061090031E383 /* PBXTargetDependency */,
			);
			name = InfinityUITests;
			productName = InfinityUITests;
			productReference = 60DB3E7329D061090031E383 /* InfinityUITests.xctest */;
			productType = "com.apple.product-type.bundle.ui-testing";
		};
/* End PBXNativeTarget section */

/* Begin PBXProject section */
		60DB3E5029D061080031E383 /* Project object */ = {
			isa = PBXProject;
			attributes = {
				BuildIndependentTargetsInParallel = 1;
				LastSwiftUpdateCheck = 1420;
				LastUpgradeCheck = 1420;
				TargetAttributes = {
					60DB3E5729D061080031E383 = {
						CreatedOnToolsVersion = 14.2;
					};
					60DB3E6829D061090031E383 = {
						CreatedOnToolsVersion = 14.2;
						TestTargetID = 60DB3E5729D061080031E383;
					};
					60DB3E7229D061090031E383 = {
						CreatedOnToolsVersion = 14.2;
						TestTargetID = 60DB3E5729D061080031E383;
					};
				};
			};
			buildConfigurationList = 60DB3E5329D061080031E383 /* Build configuration list for PBXProject "Infinity" */;
			compatibilityVersion = "Xcode 14.0";
			developmentRegion = en;
			hasScannedForEncodings = 0;
			knownRegions = (
				en,
				Base,
			);
			mainGroup = 60DB3E4F29D061080031E383;
			productRefGroup = 60DB3E5929D061080031E383 /* Products */;
			projectDirPath = "";
			projectRoot = "";
			targets = (
				60DB3E5729D061080031E383 /* Infinity */,
				60DB3E6829D061090031E383 /* InfinityTests */,
				60DB3E7229D061090031E383 /* InfinityUITests */,
			);
		};
/* End PBXProject section */

/* Begin PBXResourcesBuildPhase section */
		60DB3E5629D061080031E383 /* Resources */ = {
			isa = PBXResourcesBuildPhase;
			buildActionMask = 2147483647;
			files = (
				60611C7929E6C258005CF452 /* AppIcon-3.jpg in Resources */,
				60611C7A29E6C258005CF452 /* AppIcon-2.jpg in Resources */,
				60DB3E6429D061090031E383 /* Preview Assets.xcassets in Resources */,
				60611C7B29E6C258005CF452 /* AppIcon-1.jpg in Resources */,
				60611C8429EA657D005CF452 /* infinity.storekit in Resources */,
				60611C8A29EBCE21005CF452 /* AppIcon-4.jpg in Resources */,
				60DB3E6029D061090031E383 /* Assets.xcassets in Resources */,
			);
			runOnlyForDeploymentPostprocessing = 0;
		};
		60DB3E6729D061090031E383 /* Resources */ = {
			isa = PBXResourcesBuildPhase;
			buildActionMask = 2147483647;
			files = (
			);
			runOnlyForDeploymentPostprocessing = 0;
		};
		60DB3E7129D061090031E383 /* Resources */ = {
			isa = PBXResourcesBuildPhase;
			buildActionMask = 2147483647;
			files = (
			);
			runOnlyForDeploymentPostprocessing = 0;
		};
/* End PBXResourcesBuildPhase section */

/* Begin PBXSourcesBuildPhase section */
		60DB3E5429D061080031E383 /* Sources */ = {
			isa = PBXSourcesBuildPhase;
			buildActionMask = 2147483647;
			files = (
				60DB3E8A29D061FC0031E383 /* ItemModel.swift in Sources */,
				60611C8629EA66EE005CF452 /* StoreViewModel.swift in Sources */,
				60DB3E9729D0628E0031E383 /* AddView.swift in Sources */,
				60DB3E9929D0629C0031E383 /* HomeView.swift in Sources */,
				60DB3E8C29D062330031E383 /* ListViewModel.swift in Sources */,
				60DB3E9129D062590031E383 /* ChangeAppIconView.swift in Sources */,
				60DB3E9329D0625F0031E383 /* GuideView.swift in Sources */,
				60DB3EA529D062FC0031E383 /* SplashScreenView.swift in Sources */,
				60611C7429E6BE63005CF452 /* IconNames.swift in Sources */,
				60611C8829EBA265005CF452 /* ChangeAppIconViewModel.swift in Sources */,
				60DB3E9B29D062AF0031E383 /* ListRowView.swift in Sources */,
				60DB3E9D29D062BA0031E383 /* ListView.swift in Sources */,
				60611C7F29EA6367005CF452 /* AppleWatchView.swift in Sources */,
				60DB3E9F29D062CA0031E383 /* NoItemsView.swift in Sources */,
				60DB3EA329D062E40031E383 /* SettingsView.swift in Sources */,
				60DB3E5C29D061080031E383 /* InfinityApp.swift in Sources */,
				60DB3E9529D0626E0031E383 /* ProView.swift in Sources */,
				60DB3EA129D062D70031E383 /* PlaceholderView.swift in Sources */,
				60C8D9C229D7EE11007DD2DE /* ColorPickerView.swift in Sources */,
				60DB3E8F29D062510031E383 /* AboutView.swift in Sources */,
				60611C7D29EA5237005CF452 /* NotificationView.swift in Sources */,
				60611C8129EA6379005CF452 /* QuotesView.swift in Sources */,
			);
			runOnlyForDeploymentPostprocessing = 0;
		};
		60DB3E6529D061090031E383 /* Sources */ = {
			isa = PBXSourcesBuildPhase;
			buildActionMask = 2147483647;
			files = (
				60DB3E6E29D061090031E383 /* InfinityTests.swift in Sources */,
			);
			runOnlyForDeploymentPostprocessing = 0;
		};
		60DB3E6F29D061090031E383 /* Sources */ = {
			isa = PBXSourcesBuildPhase;
			buildActionMask = 2147483647;
			files = (
				60DB3E7A29D061090031E383 /* InfinityUITestsLaunchTests.swift in Sources */,
				60DB3E7829D061090031E383 /* InfinityUITests.swift in Sources */,
			);
			runOnlyForDeploymentPostprocessing = 0;
		};
/* End PBXSourcesBuildPhase section */

/* Begin PBXTargetDependency section */
		60DB3E6B29D061090031E383 /* PBXTargetDependency */ = {
			isa = PBXTargetDependency;
			target = 60DB3E5729D061080031E383 /* Infinity */;
			targetProxy = 60DB3E6A29D061090031E383 /* PBXContainerItemProxy */;
		};
		60DB3E7529D061090031E383 /* PBXTargetDependency */ = {
			isa = PBXTargetDependency;
			target = 60DB3E5729D061080031E383 /* Infinity */;
			targetProxy = 60DB3E7429D061090031E383 /* PBXContainerItemProxy */;
		};
/* End PBXTargetDependency section */

/* Begin XCBuildConfiguration section */
		60DB3E7B29D061090031E383 /* Debug */ = {
			isa = XCBuildConfiguration;
			buildSettings = {
				ALWAYS_SEARCH_USER_PATHS = NO;
				CLANG_ANALYZER_NONNULL = YES;
				CLANG_ANALYZER_NUMBER_OBJECT_CONVERSION = YES_AGGRESSIVE;
				CLANG_CXX_LANGUAGE_STANDARD = "gnu++20";
				CLANG_ENABLE_MODULES = YES;
				CLANG_ENABLE_OBJC_ARC = YES;
				CLANG_ENABLE_OBJC_WEAK = YES;
				CLANG_WARN_BLOCK_CAPTURE_AUTORELEASING = YES;
				CLANG_WARN_BOOL_CONVERSION = YES;
				CLANG_WARN_COMMA = YES;
				CLANG_WARN_CONSTANT_CONVERSION = YES;
				CLANG_WARN_DEPRECATED_OBJC_IMPLEMENTATIONS = YES;
				CLANG_WARN_DIRECT_OBJC_ISA_USAGE = YES_ERROR;
				CLANG_WARN_DOCUMENTATION_COMMENTS = YES;
				CLANG_WARN_EMPTY_BODY = YES;
				CLANG_WARN_ENUM_CONVERSION = YES;
				CLANG_WARN_INFINITE_RECURSION = YES;
				CLANG_WARN_INT_CONVERSION = YES;
				CLANG_WARN_NON_LITERAL_NULL_CONVERSION = YES;
				CLANG_WARN_OBJC_IMPLICIT_RETAIN_SELF = YES;
				CLANG_WARN_OBJC_LITERAL_CONVERSION = YES;
				CLANG_WARN_OBJC_ROOT_CLASS = YES_ERROR;
				CLANG_WARN_QUOTED_INCLUDE_IN_FRAMEWORK_HEADER = YES;
				CLANG_WARN_RANGE_LOOP_ANALYSIS = YES;
				CLANG_WARN_STRICT_PROTOTYPES = YES;
				CLANG_WARN_SUSPICIOUS_MOVE = YES;
				CLANG_WARN_UNGUARDED_AVAILABILITY = YES_AGGRESSIVE;
				CLANG_WARN_UNREACHABLE_CODE = YES;
				CLANG_WARN__DUPLICATE_METHOD_MATCH = YES;
				COPY_PHASE_STRIP = NO;
				DEBUG_INFORMATION_FORMAT = dwarf;
				ENABLE_STRICT_OBJC_MSGSEND = YES;
				ENABLE_TESTABILITY = YES;
				GCC_C_LANGUAGE_STANDARD = gnu11;
				GCC_DYNAMIC_NO_PIC = NO;
				GCC_NO_COMMON_BLOCKS = YES;
				GCC_OPTIMIZATION_LEVEL = 0;
				GCC_PREPROCESSOR_DEFINITIONS = (
					"DEBUG=1",
					"$(inherited)",
				);
				GCC_WARN_64_TO_32_BIT_CONVERSION = YES;
				GCC_WARN_ABOUT_RETURN_TYPE = YES_ERROR;
				GCC_WARN_UNDECLARED_SELECTOR = YES;
				GCC_WARN_UNINITIALIZED_AUTOS = YES_AGGRESSIVE;
				GCC_WARN_UNUSED_FUNCTION = YES;
				GCC_WARN_UNUSED_VARIABLE = YES;
				MTL_ENABLE_DEBUG_INFO = INCLUDE_SOURCE;
				MTL_FAST_MATH = YES;
				ONLY_ACTIVE_ARCH = YES;
				SWIFT_ACTIVE_COMPILATION_CONDITIONS = DEBUG;
				SWIFT_OPTIMIZATION_LEVEL = "-Onone";
			};
			name = Debug;
		};
		60DB3E7C29D061090031E383 /* Release */ = {
			isa = XCBuildConfiguration;
			buildSettings = {
				ALWAYS_SEARCH_USER_PATHS = NO;
				CLANG_ANALYZER_NONNULL = YES;
				CLANG_ANALYZER_NUMBER_OBJECT_CONVERSION = YES_AGGRESSIVE;
				CLANG_CXX_LANGUAGE_STANDARD = "gnu++20";
				CLANG_ENABLE_MODULES = YES;
				CLANG_ENABLE_OBJC_ARC = YES;
				CLANG_ENABLE_OBJC_WEAK = YES;
				CLANG_WARN_BLOCK_CAPTURE_AUTORELEASING = YES;
				CLANG_WARN_BOOL_CONVERSION = YES;
				CLANG_WARN_COMMA = YES;
				CLANG_WARN_CONSTANT_CONVERSION = YES;
				CLANG_WARN_DEPRECATED_OBJC_IMPLEMENTATIONS = YES;
				CLANG_WARN_DIRECT_OBJC_ISA_USAGE = YES_ERROR;
				CLANG_WARN_DOCUMENTATION_COMMENTS = YES;
				CLANG_WARN_EMPTY_BODY = YES;
				CLANG_WARN_ENUM_CONVERSION = YES;
				CLANG_WARN_INFINITE_RECURSION = YES;
				CLANG_WARN_INT_CONVERSION = YES;
				CLANG_WARN_NON_LITERAL_NULL_CONVERSION = YES;
				CLANG_WARN_OBJC_IMPLICIT_RETAIN_SELF = YES;
				CLANG_WARN_OBJC_LITERAL_CONVERSION = YES;
				CLANG_WARN_OBJC_ROOT_CLASS = YES_ERROR;
				CLANG_WARN_QUOTED_INCLUDE_IN_FRAMEWORK_HEADER = YES;
				CLANG_WARN_RANGE_LOOP_ANALYSIS = YES;
				CLANG_WARN_STRICT_PROTOTYPES = YES;
				CLANG_WARN_SUSPICIOUS_MOVE = YES;
				CLANG_WARN_UNGUARDED_AVAILABILITY = YES_AGGRESSIVE;
				CLANG_WARN_UNREACHABLE_CODE = YES;
				CLANG_WARN__DUPLICATE_METHOD_MATCH = YES;
				COPY_PHASE_STRIP = NO;
				DEBUG_INFORMATION_FORMAT = "dwarf-with-dsym";
				ENABLE_NS_ASSERTIONS = NO;
				ENABLE_STRICT_OBJC_MSGSEND = YES;
				GCC_C_LANGUAGE_STANDARD = gnu11;
				GCC_NO_COMMON_BLOCKS = YES;
				GCC_WARN_64_TO_32_BIT_CONVERSION = YES;
				GCC_WARN_ABOUT_RETURN_TYPE = YES_ERROR;
				GCC_WARN_UNDECLARED_SELECTOR = YES;
				GCC_WARN_UNINITIALIZED_AUTOS = YES_AGGRESSIVE;
				GCC_WARN_UNUSED_FUNCTION = YES;
				GCC_WARN_UNUSED_VARIABLE = YES;
				MTL_ENABLE_DEBUG_INFO = NO;
				MTL_FAST_MATH = YES;
				SWIFT_COMPILATION_MODE = wholemodule;
				SWIFT_OPTIMIZATION_LEVEL = "-O";
			};
			name = Release;
		};
		60DB3E7E29D061090031E383 /* Debug */ = {
			isa = XCBuildConfiguration;
			buildSettings = {
				ASSETCATALOG_COMPILER_ALTERNATE_APPICON_NAMES = "AppIcon-1 AppIcon-2 AppIcon-3 AppIcon-4";
				ASSETCATALOG_COMPILER_APPICON_NAME = AppIcon;
				ASSETCATALOG_COMPILER_GLOBAL_ACCENT_COLOR_NAME = AccentColor;
				CODE_SIGN_ENTITLEMENTS = Infinity/Infinity.entitlements;
				CODE_SIGN_STYLE = Automatic;
				CURRENT_PROJECT_VERSION = 1;
				DEVELOPMENT_ASSET_PATHS = "\"Infinity/Preview Content\"";
				DEVELOPMENT_TEAM = Q8Q4RHHMN7;
				ENABLE_HARDENED_RUNTIME = YES;
				ENABLE_PREVIEWS = YES;
				GENERATE_INFOPLIST_FILE = YES;
				"INFOPLIST_KEY_UIApplicationSceneManifest_Generation[sdk=iphoneos*]" = YES;
				"INFOPLIST_KEY_UIApplicationSceneManifest_Generation[sdk=iphonesimulator*]" = YES;
				"INFOPLIST_KEY_UIApplicationSupportsIndirectInputEvents[sdk=iphoneos*]" = YES;
				"INFOPLIST_KEY_UIApplicationSupportsIndirectInputEvents[sdk=iphonesimulator*]" = YES;
				"INFOPLIST_KEY_UILaunchScreen_Generation[sdk=iphoneos*]" = YES;
				"INFOPLIST_KEY_UILaunchScreen_Generation[sdk=iphonesimulator*]" = YES;
				"INFOPLIST_KEY_UIStatusBarStyle[sdk=iphoneos*]" = UIStatusBarStyleDefault;
				"INFOPLIST_KEY_UIStatusBarStyle[sdk=iphonesimulator*]" = UIStatusBarStyleDefault;
				INFOPLIST_KEY_UISupportedInterfaceOrientations_iPad = "UIInterfaceOrientationPortrait UIInterfaceOrientationPortraitUpsideDown UIInterfaceOrientationLandscapeLeft UIInterfaceOrientationLandscapeRight";
				INFOPLIST_KEY_UISupportedInterfaceOrientations_iPhone = "UIInterfaceOrientationPortrait UIInterfaceOrientationLandscapeLeft UIInterfaceOrientationLandscapeRight";
				IPHONEOS_DEPLOYMENT_TARGET = 16.2;
				LD_RUNPATH_SEARCH_PATHS = "@executable_path/Frameworks";
				"LD_RUNPATH_SEARCH_PATHS[sdk=macosx*]" = "@executable_path/../Frameworks";
				MACOSX_DEPLOYMENT_TARGET = 13.1;
				MARKETING_VERSION = 1.0;
				PRODUCT_BUNDLE_IDENTIFIER = net.tekbyte.Infinity;
				PRODUCT_NAME = "$(TARGET_NAME)";
				SDKROOT = auto;
				SUPPORTED_PLATFORMS = "iphoneos iphonesimulator macosx";
				SWIFT_EMIT_LOC_STRINGS = YES;
				SWIFT_VERSION = 5.0;
				TARGETED_DEVICE_FAMILY = "1,2";
			};
			name = Debug;
		};
		60DB3E7F29D061090031E383 /* Release */ = {
			isa = XCBuildConfiguration;
			buildSettings = {
				ASSETCATALOG_COMPILER_ALTERNATE_APPICON_NAMES = "AppIcon-1 AppIcon-2 AppIcon-3 AppIcon-4";
				ASSETCATALOG_COMPILER_APPICON_NAME = AppIcon;
				ASSETCATALOG_COMPILER_GLOBAL_ACCENT_COLOR_NAME = AccentColor;
				CODE_SIGN_ENTITLEMENTS = Infinity/Infinity.entitlements;
				CODE_SIGN_STYLE = Automatic;
				CURRENT_PROJECT_VERSION = 1;
				DEVELOPMENT_ASSET_PATHS = "\"Infinity/Preview Content\"";
				DEVELOPMENT_TEAM = Q8Q4RHHMN7;
				ENABLE_HARDENED_RUNTIME = YES;
				ENABLE_PREVIEWS = YES;
				GENERATE_INFOPLIST_FILE = YES;
				"INFOPLIST_KEY_UIApplicationSceneManifest_Generation[sdk=iphoneos*]" = YES;
				"INFOPLIST_KEY_UIApplicationSceneManifest_Generation[sdk=iphonesimulator*]" = YES;
				"INFOPLIST_KEY_UIApplicationSupportsIndirectInputEvents[sdk=iphoneos*]" = YES;
				"INFOPLIST_KEY_UIApplicationSupportsIndirectInputEvents[sdk=iphonesimulator*]" = YES;
				"INFOPLIST_KEY_UILaunchScreen_Generation[sdk=iphoneos*]" = YES;
				"INFOPLIST_KEY_UILaunchScreen_Generation[sdk=iphonesimulator*]" = YES;
				"INFOPLIST_KEY_UIStatusBarStyle[sdk=iphoneos*]" = UIStatusBarStyleDefault;
				"INFOPLIST_KEY_UIStatusBarStyle[sdk=iphonesimulator*]" = UIStatusBarStyleDefault;
				INFOPLIST_KEY_UISupportedInterfaceOrientations_iPad = "UIInterfaceOrientationPortrait UIInterfaceOrientationPortraitUpsideDown UIInterfaceOrientationLandscapeLeft UIInterfaceOrientationLandscapeRight";
				INFOPLIST_KEY_UISupportedInterfaceOrientations_iPhone = "UIInterfaceOrientationPortrait UIInterfaceOrientationLandscapeLeft UIInterfaceOrientationLandscapeRight";
				IPHONEOS_DEPLOYMENT_TARGET = 16.2;
				LD_RUNPATH_SEARCH_PATHS = "@executable_path/Frameworks";
				"LD_RUNPATH_SEARCH_PATHS[sdk=macosx*]" = "@executable_path/../Frameworks";
				MACOSX_DEPLOYMENT_TARGET = 13.1;
				MARKETING_VERSION = 1.0;
				PRODUCT_BUNDLE_IDENTIFIER = net.tekbyte.Infinity;
				PRODUCT_NAME = "$(TARGET_NAME)";
				SDKROOT = auto;
				SUPPORTED_PLATFORMS = "iphoneos iphonesimulator macosx";
				SWIFT_EMIT_LOC_STRINGS = YES;
				SWIFT_VERSION = 5.0;
				TARGETED_DEVICE_FAMILY = "1,2";
			};
			name = Release;
		};
		60DB3E8129D061090031E383 /* Debug */ = {
			isa = XCBuildConfiguration;
			buildSettings = {
				ALWAYS_EMBED_SWIFT_STANDARD_LIBRARIES = YES;
				BUNDLE_LOADER = "$(TEST_HOST)";
				CODE_SIGN_STYLE = Automatic;
				CURRENT_PROJECT_VERSION = 1;
				DEVELOPMENT_TEAM = Q8Q4RHHMN7;
				GENERATE_INFOPLIST_FILE = YES;
				IPHONEOS_DEPLOYMENT_TARGET = 16.2;
				MACOSX_DEPLOYMENT_TARGET = 13.1;
				MARKETING_VERSION = 1.0;
				PRODUCT_BUNDLE_IDENTIFIER = net.tekbyte.InfinityTests;
				PRODUCT_NAME = "$(TARGET_NAME)";
				SDKROOT = auto;
				SUPPORTED_PLATFORMS = "iphoneos iphonesimulator macosx";
				SWIFT_EMIT_LOC_STRINGS = NO;
				SWIFT_VERSION = 5.0;
				TARGETED_DEVICE_FAMILY = "1,2";
				TEST_HOST = "$(BUILT_PRODUCTS_DIR)/Infinity.app/$(BUNDLE_EXECUTABLE_FOLDER_PATH)/Infinity";
			};
			name = Debug;
		};
		60DB3E8229D061090031E383 /* Release */ = {
			isa = XCBuildConfiguration;
			buildSettings = {
				ALWAYS_EMBED_SWIFT_STANDARD_LIBRARIES = YES;
				BUNDLE_LOADER = "$(TEST_HOST)";
				CODE_SIGN_STYLE = Automatic;
				CURRENT_PROJECT_VERSION = 1;
				DEVELOPMENT_TEAM = Q8Q4RHHMN7;
				GENERATE_INFOPLIST_FILE = YES;
				IPHONEOS_DEPLOYMENT_TARGET = 16.2;
				MACOSX_DEPLOYMENT_TARGET = 13.1;
				MARKETING_VERSION = 1.0;
				PRODUCT_BUNDLE_IDENTIFIER = net.tekbyte.InfinityTests;
				PRODUCT_NAME = "$(TARGET_NAME)";
				SDKROOT = auto;
				SUPPORTED_PLATFORMS = "iphoneos iphonesimulator macosx";
				SWIFT_EMIT_LOC_STRINGS = NO;
				SWIFT_VERSION = 5.0;
				TARGETED_DEVICE_FAMILY = "1,2";
				TEST_HOST = "$(BUILT_PRODUCTS_DIR)/Infinity.app/$(BUNDLE_EXECUTABLE_FOLDER_PATH)/Infinity";
			};
			name = Release;
		};
		60DB3E8429D061090031E383 /* Debug */ = {
			isa = XCBuildConfiguration;
			buildSettings = {
				ALWAYS_EMBED_SWIFT_STANDARD_LIBRARIES = YES;
				CODE_SIGN_STYLE = Automatic;
				CURRENT_PROJECT_VERSION = 1;
				DEVELOPMENT_TEAM = Q8Q4RHHMN7;
				GENERATE_INFOPLIST_FILE = YES;
				IPHONEOS_DEPLOYMENT_TARGET = 16.2;
				MACOSX_DEPLOYMENT_TARGET = 13.1;
				MARKETING_VERSION = 1.0;
				PRODUCT_BUNDLE_IDENTIFIER = net.tekbyte.InfinityUITests;
				PRODUCT_NAME = "$(TARGET_NAME)";
				SDKROOT = auto;
				SUPPORTED_PLATFORMS = "iphoneos iphonesimulator macosx";
				SWIFT_EMIT_LOC_STRINGS = NO;
				SWIFT_VERSION = 5.0;
				TARGETED_DEVICE_FAMILY = "1,2";
				TEST_TARGET_NAME = Infinity;
			};
			name = Debug;
		};
		60DB3E8529D061090031E383 /* Release */ = {
			isa = XCBuildConfiguration;
			buildSettings = {
				ALWAYS_EMBED_SWIFT_STANDARD_LIBRARIES = YES;
				CODE_SIGN_STYLE = Automatic;
				CURRENT_PROJECT_VERSION = 1;
				DEVELOPMENT_TEAM = Q8Q4RHHMN7;
				GENERATE_INFOPLIST_FILE = YES;
				IPHONEOS_DEPLOYMENT_TARGET = 16.2;
				MACOSX_DEPLOYMENT_TARGET = 13.1;
				MARKETING_VERSION = 1.0;
				PRODUCT_BUNDLE_IDENTIFIER = net.tekbyte.InfinityUITests;
				PRODUCT_NAME = "$(TARGET_NAME)";
				SDKROOT = auto;
				SUPPORTED_PLATFORMS = "iphoneos iphonesimulator macosx";
				SWIFT_EMIT_LOC_STRINGS = NO;
				SWIFT_VERSION = 5.0;
				TARGETED_DEVICE_FAMILY = "1,2";
				TEST_TARGET_NAME = Infinity;
			};
			name = Release;
		};
/* End XCBuildConfiguration section */

/* Begin XCConfigurationList section */
		60DB3E5329D061080031E383 /* Build configuration list for PBXProject "Infinity" */ = {
			isa = XCConfigurationList;
			buildConfigurations = (
				60DB3E7B29D061090031E383 /* Debug */,
				60DB3E7C29D061090031E383 /* Release */,
			);
			defaultConfigurationIsVisible = 0;
			defaultConfigurationName = Release;
		};
		60DB3E7D29D061090031E383 /* Build configuration list for PBXNativeTarget "Infinity" */ = {
			isa = XCConfigurationList;
			buildConfigurations = (
				60DB3E7E29D061090031E383 /* Debug */,
				60DB3E7F29D061090031E383 /* Release */,
			);
			defaultConfigurationIsVisible = 0;
			defaultConfigurationName = Release;
		};
		60DB3E8029D061090031E383 /* Build configuration list for PBXNativeTarget "InfinityTests" */ = {
			isa = XCConfigurationList;
			buildConfigurations = (
				60DB3E8129D061090031E383 /* Debug */,
				60DB3E8229D061090031E383 /* Release */,
			);
			defaultConfigurationIsVisible = 0;
			defaultConfigurationName = Release;
		};
		60DB3E8329D061090031E383 /* Build configuration list for PBXNativeTarget "InfinityUITests" */ = {
			isa = XCConfigurationList;
			buildConfigurations = (
				60DB3E8429D061090031E383 /* Debug */,
				60DB3E8529D061090031E383 /* Release */,
			);
			defaultConfigurationIsVisible = 0;
			defaultConfigurationName = Release;
		};
/* End XCConfigurationList section */
	};
	rootObject = 60DB3E5029D061080031E383 /* Project object */;
}
